{
    "_readme": [
        "This file locks the dependencies of your project to a known state",
        "Read more about it at https://getcomposer.org/doc/01-basic-usage.md#installing-dependencies",
        "This file is @generated automatically"
    ],
    "content-hash": "f5d8255b61699718ce17c0d3b758b2b5",
    "packages": [
        {
            "name": "cossou/jasperphp",
            "version": "2.8.0",
            "source": {
                "type": "git",
                "url": "https://github.com/cossou/JasperPHP.git",
                "reference": "d24bc69aaaf55beb2a76a0db2a572e81f6baee09"
            },
            "dist": {
                "type": "zip",
                "url": "https://api.github.com/repos/cossou/JasperPHP/zipball/d24bc69aaaf55beb2a76a0db2a572e81f6baee09",
                "reference": "d24bc69aaaf55beb2a76a0db2a572e81f6baee09",
                "shasum": ""
            },
            "type": "library",
            "autoload": {
                "psr-0": {
                    "JasperPHP": "src/"
                }
            },
            "notification-url": "https://packagist.org/downloads/",
            "license": [
                "MIT"
            ],
            "authors": [
                {
                    "name": "Hélder Duarte",
                    "email": "cossou@gmail.com"
                }
            ],
            "description": "Create Reports in PHP with JasperReports",
            "homepage": "https://github.com/cossou/JasperPHP",
            "keywords": [
                "jasper",
                "jasperreports",
                "java",
                "pdf",
                "reports"
            ],
            "support": {
                "issues": "https://github.com/cossou/JasperPHP/issues",
                "source": "https://github.com/cossou/JasperPHP/tree/master"
            },
            "time": "2018-11-16T11:45:31+00:00"
        }
    ],
    "packages-dev": [],
    "aliases": [],
    "minimum-stability": "stable",
    "stability-flags": [],
    "prefer-stable": false,
    "prefer-lowest": false,
    "platform": [],
    "platform-dev": [],
    "plugin-api-version": "2.2.0"
}
